
Microsoft Visual Studio Solution File, Format Version 12.00
# Visual Studio Version 17
VisualStudioVersion = 17.5.33516.290
MinimumVisualStudioVersion = 10.0.40219.1
Project("{9A19103F-16F7-4668-BE54-9A1E7A4F7556}") = "PostLand.domain", "PostLand.domain\PostLand.domain.csproj", "{D85E3D17-5832-4A14-B2DB-2331962B90D4}"
EndProject
Project("{2150E333-8FDC-42A3-9474-1A3956D46DE8}") = "src", "src", "{0886594D-7237-485A-8DF1-18A2773CCAD6}"
EndProject
Project("{2150E333-8FDC-42A3-9474-1A3956D46DE8}") = "test", "test", "{2926427C-523F-46F7-BBA4-E7EBDDF78197}"
EndProject
Project("{2150E333-8FDC-42A3-9474-1A3956D46DE8}") = "Infrastructure", "Infrastructure", "{D02F020E-B744-4B5F-A4FD-7A1353CC422F}"
EndProject
Project("{2150E333-8FDC-42A3-9474-1A3956D46DE8}") = "UI", "UI", "{A3AB7DA4-D52A-41C7-96AF-D21001A26435}"
EndProject
Project("{2150E333-8FDC-42A3-9474-1A3956D46DE8}") = "Core", "Core", "{C4992EED-51A9-4D85-B3C3-961B9DD192FE}"
EndProject
Project("{2150E333-8FDC-42A3-9474-1A3956D46DE8}") = "Api", "Api", "{839EFBD7-B06F-4A19-A9E1-250AE2FBFDBE}"
EndProject
Project("{9A19103F-16F7-4668-BE54-9A1E7A4F7556}") = "PostLand.Application", "PostLand.Application\PostLand.Application.csproj", "{39DF5D61-FE37-4AE6-B516-E13D6151AC65}"
EndProject
Project("{FAE04EC0-301F-11D3-BF4B-00C04F79EFBC}") = "PostLand.Persistence", "PostLand.Persistence\PostLand.Persistence.csproj", "{ACBF0675-EC76-49AA-A854-A7F89A51F376}"
EndProject
Project("{FAE04EC0-301F-11D3-BF4B-00C04F79EFBC}") = "PostLand.Api", "PostLand.Api\PostLand.Api.csproj", "{02EB23B8-D191-4A2E-9DF9-33EAD99EF0C1}"
EndProject
Global
	GlobalSection(SolutionConfigurationPlatforms) = preSolution
		Debug|Any CPU = Debug|Any CPU
		Release|Any CPU = Release|Any CPU
	EndGlobalSection
	GlobalSection(ProjectConfigurationPlatforms) = postSolution
		{D85E3D17-5832-4A14-B2DB-2331962B90D4}.Debug|Any CPU.ActiveCfg = Debug|Any CPU
		{D85E3D17-5832-4A14-B2DB-2331962B90D4}.Debug|Any CPU.Build.0 = Debug|Any CPU
		{D85E3D17-5832-4A14-B2DB-2331962B90D4}.Release|Any CPU.ActiveCfg = Release|Any CPU
		{D85E3D17-5832-4A14-B2DB-2331962B90D4}.Release|Any CPU.Build.0 = Release|Any CPU
		{39DF5D61-FE37-4AE6-B516-E13D6151AC65}.Debug|Any CPU.ActiveCfg = Debug|Any CPU
		{39DF5D61-FE37-4AE6-B516-E13D6151AC65}.Debug|Any CPU.Build.0 = Debug|Any CPU
		{39DF5D61-FE37-4AE6-B516-E13D6151AC65}.Release|Any CPU.ActiveCfg = Release|Any CPU
		{39DF5D61-FE37-4AE6-B516-E13D6151AC65}.Release|Any CPU.Build.0 = Release|Any CPU
		{ACBF0675-EC76-49AA-A854-A7F89A51F376}.Debug|Any CPU.ActiveCfg = Debug|Any CPU
		{ACBF0675-EC76-49AA-A854-A7F89A51F376}.Debug|Any CPU.Build.0 = Debug|Any CPU
		{ACBF0675-EC76-49AA-A854-A7F89A51F376}.Release|Any CPU.ActiveCfg = Release|Any CPU
		{ACBF0675-EC76-49AA-A854-A7F89A51F376}.Release|Any CPU.Build.0 = Release|Any CPU
		{02EB23B8-D191-4A2E-9DF9-33EAD99EF0C1}.Debug|Any CPU.ActiveCfg = Debug|Any CPU
		{02EB23B8-D191-4A2E-9DF9-33EAD99EF0C1}.Debug|Any CPU.Build.0 = Debug|Any CPU
		{02EB23B8-D191-4A2E-9DF9-33EAD99EF0C1}.Release|Any CPU.ActiveCfg = Release|Any CPU
		{02EB23B8-D191-4A2E-9DF9-33EAD99EF0C1}.Release|Any CPU.Build.0 = Release|Any CPU
	EndGlobalSection
	GlobalSection(SolutionProperties) = preSolution
		HideSolutionNode = FALSE
	EndGlobalSection
	GlobalSection(NestedProjects) = preSolution
		{D85E3D17-5832-4A14-B2DB-2331962B90D4} = {C4992EED-51A9-4D85-B3C3-961B9DD192FE}
		{D02F020E-B744-4B5F-A4FD-7A1353CC422F} = {0886594D-7237-485A-8DF1-18A2773CCAD6}
		{A3AB7DA4-D52A-41C7-96AF-D21001A26435} = {0886594D-7237-485A-8DF1-18A2773CCAD6}
		{C4992EED-51A9-4D85-B3C3-961B9DD192FE} = {0886594D-7237-485A-8DF1-18A2773CCAD6}
		{839EFBD7-B06F-4A19-A9E1-250AE2FBFDBE} = {0886594D-7237-485A-8DF1-18A2773CCAD6}
		{39DF5D61-FE37-4AE6-B516-E13D6151AC65} = {C4992EED-51A9-4D85-B3C3-961B9DD192FE}
		{ACBF0675-EC76-49AA-A854-A7F89A51F376} = {D02F020E-B744-4B5F-A4FD-7A1353CC422F}
		{02EB23B8-D191-4A2E-9DF9-33EAD99EF0C1} = {839EFBD7-B06F-4A19-A9E1-250AE2FBFDBE}
	EndGlobalSection
	GlobalSection(ExtensibilityGlobals) = postSolution
		SolutionGuid = {B3A8161D-960D-4900-ABD2-945C139F92BC}
	EndGlobalSection
EndGlobal
